PODS:
  - ActionSheetPicker-3.0 (1.6.2)
  - AFNetworking (2.5.4):
    - AFNetworking/NSURLConnection (= 2.5.4)
    - AFNetworking/NSURLSession (= 2.5.4)
    - AFNetworking/Reachability (= 2.5.4)
    - AFNetworking/Security (= 2.5.4)
    - AFNetworking/Serialization (= 2.5.4)
    - AFNetworking/UIKit (= 2.5.4)
  - AFNetworking/NSURLConnection (2.5.4):
    - AFNetworking/Reachability
    - AFNetworking/Security
    - AFNetworking/Serialization
  - AFNetworking/NSURLSession (2.5.4):
    - AFNetworking/Reachability
    - AFNetworking/Security
    - AFNetworking/Serialization
  - AFNetworking/Reachability (2.5.4)
  - AFNetworking/Security (2.5.4)
  - AFNetworking/Serialization (2.5.4)
  - AFNetworking/UIKit (2.5.4):
    - AFNetworking/NSURLConnection
    - AFNetworking/NSURLSession
  - Bolts (1.2.0):
    - Bolts/AppLinks (= 1.2.0)
    - Bolts/Tasks (= 1.2.0)
  - Bolts/AppLinks (1.2.0):
    - Bolts/Tasks
  - Bolts/Tasks (1.2.0)
  - Branch (0.9.3)
  - DACircularProgress (2.3.1)
  - EAIntroView (2.7.4):
    - EARestrictedScrollView (~> 0.2.0)
  - EARestrictedScrollView (0.2.0)
  - Facebook-iOS-SDK (3.23.2):
    - Bolts (~> 1.0)
  - FXBlurView (1.6.3)
  - GBDeviceInfo (3.2.0):
    - GBJailbreakDetection (~> 1.0)
  - GBJailbreakDetection (1.0.0)
  - HHRouter (0.1.5)
  - iCarousel (1.8.1)
  - IDMPhotoBrowser (1.6.2):
    - AFNetworking
    - DACircularProgress
    - pop
  - JPSVolumeButtonHandler (0.0.1)
  - JTHelper (0.1.12)
  - JTSImageViewController (1.4)
  - Mixpanel (2.8.1):
    - Mixpanel/Mixpanel (= 2.8.1)
  - Mixpanel/Mixpanel (2.8.1):
    - Mixpanel/MPCategoryHelpers
  - Mixpanel/MPCategoryHelpers (2.8.1)
  - MZAppearance (1.1.5)
  - MZFormSheetController (3.1.0):
    - MZAppearance
    - MZFormSheetController/Core (= 3.1.0)
  - MZFormSheetController/Core (3.1.0):
    - MZAppearance
  - NSDate+Calendar (0.0.7)
  - PonyDebugger (0.4.3):
    - SocketRocket
  - pop (1.0.7)
  - PPHelpMe (1.0.2)
  - PPRevealSideViewController (1.2.0):
    - PPHelpMe
  - SDWebImage (3.7.2):
    - SDWebImage/Core (= 3.7.2)
  - SDWebImage/Core (3.7.2)
  - SMPageControl (1.2)
  - SocketRocket (0.2.0)
  - TTTAttributedLabel (1.13.4)
  - UICKeyChainStore (2.0.6)
  - XLForm (3.0.0)

DEPENDENCIES:
  - ActionSheetPicker-3.0
  - AFNetworking (~> 2.0)
  - Branch
  - EAIntroView
  - Facebook-iOS-SDK (~> 3.15)
  - FXBlurView
  - GBDeviceInfo
  - HHRouter (~> 0.1)
  - iCarousel
  - IDMPhotoBrowser (~> 1.3)
  - JPSVolumeButtonHandler
  - JTHelper (~> 0.1.1)
  - JTSImageViewController
  - Mixpanel
  - MZFormSheetController
  - NSDate+Calendar
  - PonyDebugger
  - PPHelpMe
  - PPRevealSideViewController (~> 1.2.0)
  - SDWebImage (~> 3.7)
  - SMPageControl
  - TTTAttributedLabel
  - UICKeyChainStore
  - XLForm

SPEC CHECKSUMS:
  ActionSheetPicker-3.0: cc9f90ae785070623e9b972270013c3242190fb0
  AFNetworking: 05edc0ac4c4c8cf57bcf4b84be5b0744b6d8e71e
  Bolts: d176cb1e0012175589e389a9db49b85e27787576
  Branch: 608ece761a582ba45a023bb24ce0ab7ca6eb5c94
  DACircularProgress: 4dd437c0fc3da5161cb289e07ac449493d41db71
  EAIntroView: 50b85eedf414260e61330070ffe5947e72493a62
  EARestrictedScrollView: f86d61e16c61d3e93c84f8e96e83122a2a3b7631
  Facebook-iOS-SDK: cd87f0b2f0c1d9574b44e8fa2baacc275524bac3
  FXBlurView: c6d23f3d35af2c6282296a2930f61c6e2c788d01
  GBDeviceInfo: 5c7630b984135a2cdc3e6822b9eee39bc67a3d3e
  GBJailbreakDetection: 3ba798512e1c194f02bcf6ebbafe1986e950d441
  HHRouter: c82ce169fea838ea85a819133df40d19605f5c95
  iCarousel: dace1cb858e3f4dc2614bee3201041247f82feda
  IDMPhotoBrowser: ebbfa6690456b72dd92d93b7bc11d71519f4d06d
  JPSVolumeButtonHandler: 03ecb2d55acbe4499631c8d9fe221f7af48569d4
  JTHelper: d84a961a60a27623c595a7f6965fcafdefb88b9b
  JTSImageViewController: 6a367b144e257db02cdfacdba78d684377d3777b
  Mixpanel: 93c4825025e6380ced273ed7178496282e385077
  MZAppearance: 6e9dc64e42074c0a19812a327f590746c3283bab
  MZFormSheetController: a29e904f8832bcaa08a9751106e10beb4df751df
  NSDate+Calendar: 30747b15cbeda4d835c39f5d597d8eaa2ddc3942
  PonyDebugger: 52f96f501df018dc2b7153fa18464b82553e700c
  pop: 628ffc631644601567ee8bfaaaea493ebd7d0923
  PPHelpMe: 243c40d2fad33ebdcc6b158c0db54893e0cc2d14
  PPRevealSideViewController: 2eefff99d726e145da229ae66a19247dbaeddad3
  SDWebImage: 71b7cdc1d1721d6a82ed62889030225f2c249e29
  SMPageControl: 922892813001cfaf059e86e6801f46a967e9ee29
  SocketRocket: 54a4ac2f354c4e8c51ef5dcd4a13bc556d4f2b7c
  TTTAttributedLabel: 0a2ac7b2dd726d32a070dafb01446026b11e624f
  UICKeyChainStore: c5719c814e8bd69e74e4a0fc09daf8f4d6257a59
  XLForm: 10fc7eb9e2d5df21a515fa3a794f4e26319abd0e

COCOAPODS: 0.37.1
