PODS:
  - ActionSheetPicker-3.0 (2.0.5)
  - AFNetworking (3.1.0):
    - AFNetworking/NSURLSession (= 3.1.0)
    - AFNetworking/Reachability (= 3.1.0)
    - AFNetworking/Security (= 3.1.0)
    - AFNetworking/Serialization (= 3.1.0)
    - AFNetworking/UIKit (= 3.1.0)
  - AFNetworking/NSURLSession (3.1.0):
    - AFNetworking/Reachability
    - AFNetworking/Security
    - AFNetworking/Serialization
  - AFNetworking/Reachability (3.1.0)
  - AFNetworking/Security (3.1.0)
  - AFNetworking/Serialization (3.1.0)
  - AFNetworking/UIKit (3.1.0):
    - AFNetworking/NSURLSession
  - Bolts (1.7.0):
    - Bolts/AppLinks (= 1.7.0)
    - Bolts/Tasks (= 1.7.0)
  - Bolts/AppLinks (1.7.0):
    - Bolts/Tasks
  - Bolts/Tasks (1.7.0)
  - Branch (0.12.1)
  - Crashlytics (3.7.0):
    - Fabric (~> 1.6.3)
  - DACircularProgress (2.3.1)
  - EAIntroView (2.8.3):
    - EARestrictedScrollView (~> 1.1.0)
  - EARestrictedScrollView (1.1.0)
  - Fabric (1.6.7)
  - FBSDKCoreKit (4.11.0):
    - Bolts (~> 1.7)
  - FBSDKLoginKit (4.11.0):
    - FBSDKCoreKit
  - FBSDKMessengerShareKit (1.3.2)
  - FBSDKShareKit (4.11.0):
    - FBSDKCoreKit
  - FXBlurView (1.6.4)
  - GBDeviceInfo (4.1.0):
    - GBDeviceInfo/Core (= 4.1.0)
  - GBDeviceInfo/Core (4.1.0)
  - HHRouter (0.1.5)
  - HMSegmentedControl (1.5.2)
  - iCarousel (1.8.2)
  - IDMPhotoBrowser (1.8.4):
    - DACircularProgress
    - pop
    - SDWebImage
  - JPSVolumeButtonHandler (1.0.0)
  - JTHelper (0.3.0)
  - JTSImageViewController (1.5.1)
  - libPhoneNumber-iOS (0.8.11)
  - MGSwipeTableCell (1.5.5)
  - Mixpanel (2.9.8):
    - Mixpanel/Mixpanel (= 2.9.8)
  - Mixpanel/Mixpanel (2.9.8)
  - MZAppearance (1.1.6)
  - MZFormSheetController (3.1.3):
    - MZAppearance
    - MZFormSheetController/Core (= 3.1.3)
  - MZFormSheetController/Core (3.1.3):
    - MZAppearance
  - NSDate+Calendar (0.0.8)
  - OneSignal (1.13.2)
  - PonyDebugger (0.4.5):
    - SocketRocket
  - pop (1.0.9)
  - PPHelpMe (1.0.2)
  - RDVTabBarController (1.1.9)
  - SDWebImage (3.7.5):
    - SDWebImage/Core (= 3.7.5)
  - SDWebImage/Core (3.7.5)
  - SMPageControl (1.2)
  - SocketRocket (0.5.0)
  - Stripe (6.2.0):
    - Stripe/Core (= 6.2.0)
  - Stripe/Core (6.2.0)
  - TTTAttributedLabel (1.13.4)
  - TUSafariActivity (1.0.4)
  - UICKeyChainStore (2.1.0)
  - UIFloatLabelTextField (1.2.4)
  - VCTransitionsLibrary (1.5.0)
  - YLProgressBar (3.8.1)

DEPENDENCIES:
  - ActionSheetPicker-3.0
  - AFNetworking
  - Branch
  - Crashlytics
  - EAIntroView
  - Fabric
  - FBSDKCoreKit
  - FBSDKLoginKit
  - FBSDKMessengerShareKit
  - FBSDKShareKit
  - FXBlurView
  - GBDeviceInfo
  - HHRouter
  - HMSegmentedControl
  - iCarousel
  - IDMPhotoBrowser
  - JPSVolumeButtonHandler
  - JTHelper
  - JTSImageViewController
  - libPhoneNumber-iOS
  - MGSwipeTableCell
  - Mixpanel
  - MZFormSheetController
  - NSDate+Calendar
  - OneSignal
  - PonyDebugger
  - PPHelpMe
  - RDVTabBarController
  - SDWebImage
  - SMPageControl
  - Stripe
  - TTTAttributedLabel
  - TUSafariActivity
  - UICKeyChainStore
  - UIFloatLabelTextField
  - VCTransitionsLibrary
  - YLProgressBar

SPEC CHECKSUMS:
  ActionSheetPicker-3.0: 8312778b6815578e6a86d630fbcf31dc94c534e7
  AFNetworking: 5e0e199f73d8626b11e79750991f5d173d1f8b67
  Bolts: a0058fa3b331c5a1e4402d534f2dae36dbff31e4
  Branch: 32fb6e2048118a7ff23be984e731569517fbc5f3
  Crashlytics: c3a2333dea9e2733d2777f730910321fc9e25c0d
  DACircularProgress: 4dd437c0fc3da5161cb289e07ac449493d41db71
  EAIntroView: e948c83e642f30010d427e643c18a6f2b529afed
  EARestrictedScrollView: b0c2a3f92fb2610bb44d71c5e4893777c89e45ef
  Fabric: caf7580c725e64db144f610ac65cd60956911dc7
  FBSDKCoreKit: 686ac982723a14ec9ddb85e2f81235d7706c891b
  FBSDKLoginKit: bade9fc78277764149ccc5bfaadbf13c83175c6a
  FBSDKMessengerShareKit: 41c0b1a667d685c9433f993eb9611b3d5074e1cb
  FBSDKShareKit: 2d1746144cfc8a9dbbd24997c34ee0471be51b6a
  FXBlurView: db786c2561cb49a09ae98407f52460096ab8a44f
  GBDeviceInfo: e50df975a95e21faec93e2bf98376846fe17d307
  HHRouter: c82ce169fea838ea85a819133df40d19605f5c95
  HMSegmentedControl: 83b9686022d2176fb6457d2bdb61e5d6393fed7d
  iCarousel: 67c8a43da5a46795b56aadfc96cd36a16f6149b2
  IDMPhotoBrowser: b574fe3229754e701f32df271afbc4ac7e4e1997
  JPSVolumeButtonHandler: b056ec5c574fbd75a0637c527e25fe0197ec1648
  JTHelper: b9b56980755bf6d9f7ed58a2490205109658087e
  JTSImageViewController: 1f8ce1cc93dab0d0af8e53badeea7528560cfec9
  libPhoneNumber-iOS: ded33fab2c51ee847979556aa504c9e70f32d703
  MGSwipeTableCell: bafeb5f351124544c9364ecbdf24c7b06a37d340
  Mixpanel: 39c8e140d74d914e460ea3b4c770434fcd29c8a0
  MZAppearance: 0c06d3fa9cc55142f1da14bc8631fbe8fd6e19d5
  MZFormSheetController: da2df509805d757e04b052915057d8e1a338b050
  NSDate+Calendar: 4aa9f6eb520bdbe7cfd82fbf6c7d35b9725c8188
  OneSignal: 15b94fa760a6754908f11ef92da6ec945923fa2c
  PonyDebugger: 1c60f7c876bdb6a8b6bf0f0269087f8a234fafa7
  pop: f667631a5108a2e60d9e8797c9b32ddaf2080bce
  PPHelpMe: 243c40d2fad33ebdcc6b158c0db54893e0cc2d14
  RDVTabBarController: 67794f7a7a37f8e32f046f85ac67d06ab92d624a
  SDWebImage: 69c6303e3348fba97e03f65d65d4fbc26740f461
  SMPageControl: 922892813001cfaf059e86e6801f46a967e9ee29
  SocketRocket: 2c51efccd2d73c99a923407ca4b06e7e9da95dbf
  Stripe: 275524137e6c4cc1058f6d32ece248adf30a21f9
  TTTAttributedLabel: 0a2ac7b2dd726d32a070dafb01446026b11e624f
  TUSafariActivity: afc55a00965377939107ce4fdc7f951f62454546
  UICKeyChainStore: f1cbd42216a113f0165de1e733e62905b8823432
  UIFloatLabelTextField: bb30a4ae6720a89fc9fb51134f39f0e776ff9551
  VCTransitionsLibrary: d61fd9b7b6721942f0d583bcc0e7f8c31ec9271b
  YLProgressBar: c6699d75d58042377132c9301d3ab8fd0204937d

PODFILE CHECKSUM: e3bf43d774a7a25005eb1ca02af962bc48e5e5de

COCOAPODS: 1.0.0.beta.8
